
Microsoft Visual Studio Solution File, Format Version 12.00
# Visual Studio Version 16
VisualStudioVersion = 16.0.30611.23
MinimumVisualStudioVersion = 10.0.40219.1
Project("{FAE04EC0-301F-11D3-BF4B-00C04F79EFBC}") = "LabWork2", "LabWork2.csproj", "{50FC5F7A-D1DF-4A0B-B282-05850C857DCB}"
EndProject
Global
	GlobalSection(SolutionConfigurationPlatforms) = preSolution
		Debug|Any CPU = Debug|Any CPU
		Release|Any CPU = Release|Any CPU
	EndGlobalSection
	GlobalSection(ProjectConfigurationPlatforms) = postSolution
		{50FC5F7A-D1DF-4A0B-B282-05850C857DCB}.Debug|Any CPU.ActiveCfg = Debug|Any CPU
		{50FC5F7A-D1DF-4A0B-B282-05850C857DCB}.Debug|Any CPU.Build.0 = Debug|Any CPU
		{50FC5F7A-D1DF-4A0B-B282-05850C857DCB}.Release|Any CPU.ActiveCfg = Release|Any CPU
		{50FC5F7A-D1DF-4A0B-B282-05850C857DCB}.Release|Any CPU.Build.0 = Release|Any CPU
	EndGlobalSection
	GlobalSection(SolutionProperties) = preSolution
		HideSolutionNode = FALSE
	EndGlobalSection
	GlobalSection(ExtensibilityGlobals) = postSolution
		SolutionGuid = {4B179DAD-1B93-4D0C-8D5B-873859F7DEE8}
	EndGlobalSection
EndGlobal
